<?xml version="1.0" encoding="utf-8"?>
<Project ToolsVersion="4.0" xmlns="http://schemas.microsoft.com/developer/msbuild/2003">
  <ItemGroup>
    <FxCompile Include="resources\shaders\Line\Line3d.PS.hlsl">
      <Filter>resource\shaders\Line</Filter>
    </FxCompile>
    <FxCompile Include="resources\shaders\Line\Line3d.VS.hlsl">
      <Filter>resource\shaders\Line</Filter>
    </FxCompile>
    <FxCompile Include="resources\shaders\Object\Object3d.PS.hlsl">
      <Filter>resource\shaders\Object</Filter>
    </FxCompile>
    <FxCompile Include="resources\shaders\Object\Object3d.VS.hlsl">
      <Filter>resource\shaders\Object</Filter>
    </FxCompile>
    <FxCompile Include="resources\shaders\Object\SkinningObject3d.VS.hlsl">
      <Filter>resource\shaders\Object</Filter>
    </FxCompile>
    <FxCompile Include="resources\shaders\OffScreen\BoxFilter.PS.hlsl">
      <Filter>resource\shaders\OffScreen</Filter>
    </FxCompile>
    <FxCompile Include="resources\shaders\OffScreen\CopyImage.PS.hlsl">
      <Filter>resource\shaders\OffScreen</Filter>
    </FxCompile>
    <FxCompile Include="resources\shaders\OffScreen\DepthBasedOutline.PS.hlsl">
      <Filter>resource\shaders\OffScreen</Filter>
    </FxCompile>
    <FxCompile Include="resources\shaders\OffScreen\FullScreen.VS.hlsl">
      <Filter>resource\shaders\OffScreen</Filter>
    </FxCompile>
    <FxCompile Include="resources\shaders\OffScreen\GaussianFilter.PS.hlsl">
      <Filter>resource\shaders\OffScreen</Filter>
    </FxCompile>
    <FxCompile Include="resources\shaders\OffScreen\Grayscale.PS.hlsl">
      <Filter>resource\shaders\OffScreen</Filter>
    </FxCompile>
    <FxCompile Include="resources\shaders\OffScreen\Vignette.PS.hlsl">
      <Filter>resource\shaders\OffScreen</Filter>
    </FxCompile>
    <FxCompile Include="resources\shaders\OffScreen\RadialBlur.PS.hlsl">
      <Filter>resource\shaders\OffScreen</Filter>
    </FxCompile>
    <FxCompile Include="resources\shaders\OffScreen\LuminanceBasedOutline.PS.hlsl">
      <Filter>resource\shaders\OffScreen</Filter>
    </FxCompile>
    <FxCompile Include="resources\shaders\Particle\Particle.PS.hlsl">
      <Filter>resource\shaders\Particle</Filter>
    </FxCompile>
    <FxCompile Include="resources\shaders\Particle\Particle.VS.hlsl">
      <Filter>resource\shaders\Particle</Filter>
    </FxCompile>
    <FxCompile Include="resources\shaders\Sprite\Sprite.PS.hlsl">
      <Filter>resource\shaders\Sprite</Filter>
    </FxCompile>
    <FxCompile Include="resources\shaders\Sprite\Sprite.VS.hlsl">
      <Filter>resource\shaders\Sprite</Filter>
    </FxCompile>
  </ItemGroup>
  <ItemGroup>
    <ClCompile Include="main.cpp" />
    <ClCompile Include="application\Base\BaseObject.cpp">
      <Filter>application\Base</Filter>
    </ClCompile>
    <ClCompile Include="application\Enemy\Boss\BossStateApproach.cpp">
      <Filter>application\Enemy\Boss</Filter>
    </ClCompile>
    <ClCompile Include="application\Enemy\Boss\BossStateAttack.cpp">
      <Filter>application\Enemy\Boss</Filter>
    </ClCompile>
    <ClCompile Include="application\Enemy\Boss\BossStateRoot.cpp">
      <Filter>application\Enemy\Boss</Filter>
    </ClCompile>
    <ClCompile Include="application\Enemy\Boss\BossSword.cpp">
      <Filter>application\Enemy\Boss</Filter>
    </ClCompile>
    <ClCompile Include="application\Enemy\Soldier\Soldier.cpp">
      <Filter>application\Enemy\Soldier</Filter>
    </ClCompile>
    <ClCompile Include="application\Enemy\Soldier\SoldierStateApproach.cpp">
      <Filter>application\Enemy\Soldier</Filter>
    </ClCompile>
    <ClCompile Include="application\Enemy\Soldier\SoldierStateAttack.cpp">
      <Filter>application\Enemy\Soldier</Filter>
    </ClCompile>
    <ClCompile Include="application\Enemy\Soldier\SoldierStateDefense.cpp">
      <Filter>application\Enemy\Soldier</Filter>
    </ClCompile>
    <ClCompile Include="application\Enemy\Soldier\SoldierStateLeave.cpp">
      <Filter>application\Enemy\Soldier</Filter>
    </ClCompile>
    <ClCompile Include="application\Enemy\Soldier\SoldierStateRoot.cpp">
      <Filter>application\Enemy\Soldier</Filter>
    </ClCompile>
    <ClCompile Include="application\Enemy\BaseEnemyState.cpp">
      <Filter>application\Enemy</Filter>
    </ClCompile>
    <ClCompile Include="application\Enemy\BaseEnemySword.cpp">
      <Filter>application\Enemy</Filter>
    </ClCompile>
    <ClCompile Include="application\Enemy\Enemy.cpp">
      <Filter>application\Enemy</Filter>
    </ClCompile>
    <ClCompile Include="application\Stage\Coliseum.cpp">
      <Filter>application\Stage</Filter>
    </ClCompile>
    <ClCompile Include="application\Stage\Ground.cpp">
      <Filter>application\Stage</Filter>
    </ClCompile>
    <ClCompile Include="application\Stage\Skydome.cpp">
      <Filter>application\Stage</Filter>
    </ClCompile>
    <ClCompile Include="application\Scene\Base\BaseScene.cpp">
      <Filter>application\Scene\Base</Filter>
    </ClCompile>
    <ClCompile Include="application\Scene\Game\GameScene.cpp">
      <Filter>application\Scene\Game</Filter>
    </ClCompile>
    <ClCompile Include="application\Scene\Game\Pause.cpp">
      <Filter>application\Scene\Game</Filter>
    </ClCompile>
    <ClCompile Include="application\Scene\GameClear\ClearScene.cpp">
      <Filter>application\Scene\GameClear</Filter>
    </ClCompile>
    <ClCompile Include="application\Scene\GameOver\GameOverScene.cpp">
      <Filter>application\Scene\GameOver</Filter>
    </ClCompile>
    <ClCompile Include="application\Scene\Tutorial\TutorialEvent.cpp">
      <Filter>application\Scene\Tutorial</Filter>
    </ClCompile>
    <ClCompile Include="application\Scene\Tutorial\TutorialScene.cpp">
      <Filter>application\Scene\Tutorial</Filter>
    </ClCompile>
    <ClCompile Include="application\Scene\Tutorial\TutorialUI.cpp">
      <Filter>application\Scene\Tutorial</Filter>
    </ClCompile>
    <ClCompile Include="application\Scene\Title\TitleEvent.cpp">
      <Filter>application\Scene\Title</Filter>
    </ClCompile>
    <ClCompile Include="application\Scene\Title\TitleGround.cpp">
      <Filter>application\Scene\Title</Filter>
    </ClCompile>
    <ClCompile Include="application\Scene\Title\TitleScene.cpp">
      <Filter>application\Scene\Title</Filter>
    </ClCompile>
    <ClCompile Include="application\Player\ContactRecord.cpp">
      <Filter>application\Player</Filter>
    </ClCompile>
    <ClCompile Include="application\Player\FollowCamera.cpp">
      <Filter>application\Player</Filter>
    </ClCompile>
    <ClCompile Include="application\Player\LockOn.cpp">
      <Filter>application\Player</Filter>
    </ClCompile>
    <ClCompile Include="application\Player\Player.cpp">
      <Filter>application\Player</Filter>
    </ClCompile>
    <ClCompile Include="application\Player\PlayerSword.cpp">
      <Filter>application\Player</Filter>
    </ClCompile>
    <ClCompile Include="engine\2d\Sprite.cpp">
      <Filter>engine\2d</Filter>
    </ClCompile>
    <ClCompile Include="engine\2d\SpriteCommon.cpp">
      <Filter>engine\2d</Filter>
    </ClCompile>
    <ClCompile Include="engine\3d\camera\Camera.cpp">
      <Filter>engine\3d\camera</Filter>
    </ClCompile>
    <ClCompile Include="engine\3d\camera\DebugCamera.cpp">
      <Filter>engine\3d\camera</Filter>
    </ClCompile>
    <ClCompile Include="engine\3d\camera\ViewProjection.cpp">
      <Filter>engine\3d\camera</Filter>
    </ClCompile>
    <ClCompile Include="engine\3d\light\LightGroup.cpp">
      <Filter>engine\3d\light</Filter>
    </ClCompile>
    <ClCompile Include="engine\3d\line\DrawLine3D.cpp">
      <Filter>engine\3d\line</Filter>
    </ClCompile>
    <ClCompile Include="engine\3d\line\LineManager.cpp">
      <Filter>engine\3d\line</Filter>
    </ClCompile>
    <ClCompile Include="engine\3d\model\animation\Animator.cpp">
      <Filter>engine\3d\model\animation</Filter>
    </ClCompile>
    <ClCompile Include="engine\3d\model\animation\Bone.cpp">
      <Filter>engine\3d\model\animation</Filter>
    </ClCompile>
    <ClCompile Include="engine\3d\model\animation\ModelAnimation.cpp">
      <Filter>engine\3d\model\animation</Filter>
    </ClCompile>
    <ClCompile Include="engine\3d\model\animation\Skin.cpp">
      <Filter>engine\3d\model\animation</Filter>
    </ClCompile>
    <ClCompile Include="engine\3d\model\Model.cpp">
      <Filter>engine\3d\model</Filter>
    </ClCompile>
    <ClCompile Include="engine\3d\model\ModelCommon.cpp">
      <Filter>engine\3d\model</Filter>
    </ClCompile>
    <ClCompile Include="engine\3d\model\Object3d.cpp">
      <Filter>engine\3d\model</Filter>
    </ClCompile>
    <ClCompile Include="engine\3d\model\Object3dCommon.cpp">
      <Filter>engine\3d\model</Filter>
    </ClCompile>
    <ClCompile Include="engine\3d\transform\ObjColor.cpp">
      <Filter>engine\3d\transform</Filter>
    </ClCompile>
    <ClCompile Include="engine\3d\transform\WorldTransform.cpp">
      <Filter>engine\3d\transform</Filter>
    </ClCompile>
    <ClCompile Include="engine\3d\particle\ParticleCommon.cpp">
      <Filter>engine\3d\particle</Filter>
    </ClCompile>
    <ClCompile Include="engine\3d\particle\ParticleEmitter.cpp">
      <Filter>engine\3d\particle</Filter>
    </ClCompile>
    <ClCompile Include="engine\3d\particle\ParticleManager.cpp">
      <Filter>engine\3d\particle</Filter>
    </ClCompile>
    <ClCompile Include="engine\audio\Audio.cpp">
      <Filter>engine\audio</Filter>
    </ClCompile>
    <ClCompile Include="engine\base\DirectXCommon.cpp">
      <Filter>engine\base</Filter>
    </ClCompile>
    <ClCompile Include="engine\base\WinApp.cpp">
      <Filter>engine\base</Filter>
    </ClCompile>
    <ClCompile Include="engine\core\Framework.cpp">
      <Filter>engine\core</Filter>
    </ClCompile>
    <ClCompile Include="engine\core\MyGame.cpp">
      <Filter>engine\core</Filter>
    </ClCompile>
    <ClCompile Include="engine\Frame\Frame.cpp">
      <Filter>engine\Frame</Filter>
    </ClCompile>
    <ClCompile Include="engine\input\Input.cpp">
      <Filter>engine\input</Filter>
    </ClCompile>
    <ClCompile Include="engine\input\Mouse.cpp">
      <Filter>engine\input</Filter>
    </ClCompile>
    <ClCompile Include="engine\math\Easing.cpp">
      <Filter>engine\math</Filter>
    </ClCompile>
    <ClCompile Include="engine\math\myMath.cpp">
      <Filter>engine\math</Filter>
    </ClCompile>
    <ClCompile Include="engine\math\Quaternion.cpp">
      <Filter>engine\math</Filter>
    </ClCompile>
    <ClCompile Include="engine\math\random.cpp">
      <Filter>engine\math</Filter>
    </ClCompile>
    <ClCompile Include="engine\math\TimeManager.cpp">
      <Filter>engine\math</Filter>
    </ClCompile>
    <ClCompile Include="engine\offscreen\OffScreen.cpp">
      <Filter>engine\offscreen</Filter>
    </ClCompile>
    <ClCompile Include="engine\utility\collider\Collider.cpp">
      <Filter>engine\utility\collider</Filter>
    </ClCompile>
    <ClCompile Include="engine\utility\collider\CollisionManager.cpp">
      <Filter>engine\utility\collider</Filter>
    </ClCompile>
    <ClCompile Include="engine\utility\debug\D3DResourceLeakChecker.cpp">
      <Filter>engine\utility\debug</Filter>
    </ClCompile>
    <ClCompile Include="engine\utility\debug\GlobalVariables.cpp">
      <Filter>engine\utility\debug</Filter>
    </ClCompile>
    <ClCompile Include="engine\utility\debug\ImGuiManager.cpp">
      <Filter>engine\utility\debug</Filter>
    </ClCompile>
    <ClCompile Include="engine\utility\debug\Logger.cpp">
      <Filter>engine\utility\debug</Filter>
    </ClCompile>
    <ClCompile Include="engine\utility\edit\LevelData.cpp">
      <Filter>engine\utility\edit</Filter>
    </ClCompile>
    <ClCompile Include="engine\utility\edit\Liner.cpp">
      <Filter>engine\utility\edit</Filter>
    </ClCompile>
    <ClCompile Include="engine\utility\graphics\AnimationManager.cpp">
      <Filter>engine\utility\graphics</Filter>
    </ClCompile>
    <ClCompile Include="engine\utility\graphics\ModelManager.cpp">
      <Filter>engine\utility\graphics</Filter>
    </ClCompile>
    <ClCompile Include="engine\utility\graphics\PipeLineManager.cpp">
      <Filter>engine\utility\graphics</Filter>
    </ClCompile>
    <ClCompile Include="engine\utility\graphics\SrvManager.cpp">
      <Filter>engine\utility\graphics</Filter>
    </ClCompile>
    <ClCompile Include="engine\utility\graphics\TextureManager.cpp">
      <Filter>engine\utility\graphics</Filter>
    </ClCompile>
    <ClCompile Include="engine\utility\json\JsonLoader.cpp">
      <Filter>engine\utility\json</Filter>
    </ClCompile>
    <ClCompile Include="engine\utility\string\StringUtility.cpp">
      <Filter>engine\utility\string</Filter>
    </ClCompile>
    <ClCompile Include="engine\utility\scene\SceneFactory.cpp">
      <Filter>engine\utility\scene</Filter>
    </ClCompile>
    <ClCompile Include="engine\utility\scene\SceneManager.cpp">
      <Filter>engine\utility\scene</Filter>
    </ClCompile>
    <ClCompile Include="engine\utility\scene\SceneTransition.cpp">
      <Filter>engine\utility\scene</Filter>
    </ClCompile>
    <ClCompile Include="externals\imgui\imgui.cpp">
      <Filter>externals\imgui</Filter>
    </ClCompile>
    <ClCompile Include="externals\imgui\imgui_demo.cpp">
      <Filter>externals\imgui</Filter>
    </ClCompile>
    <ClCompile Include="externals\imgui\imgui_draw.cpp">
      <Filter>externals\imgui</Filter>
    </ClCompile>
    <ClCompile Include="externals\imgui\imgui_impl_dx12.cpp">
      <Filter>externals\imgui</Filter>
    </ClCompile>
    <ClCompile Include="externals\imgui\imgui_impl_win32.cpp">
      <Filter>externals\imgui</Filter>
    </ClCompile>
    <ClCompile Include="externals\imgui\imgui_tables.cpp">
      <Filter>externals\imgui</Filter>
    </ClCompile>
    <ClCompile Include="externals\imgui\imgui_widgets.cpp">
      <Filter>externals\imgui</Filter>
    </ClCompile>
    <ClCompile Include="application\Enemy\Boss\Boss.cpp">
      <Filter>application\Enemy\Boss</Filter>
    </ClCompile>
    <ClCompile Include="application\Enemy\Soldier\EnemySword.cpp">
      <Filter>application\Enemy\Soldier</Filter>
    </ClCompile>
    <ClCompile Include="application\Enemy\EnemyManager.cpp">
      <Filter>application\Enemy</Filter>
    </ClCompile>
  </ItemGroup>
  <ItemGroup>
    <ClInclude Include="application\Base\BaseObject.h">
      <Filter>application\Base</Filter>
    </ClInclude>
    <ClInclude Include="application\Enemy\Boss\BossSword.h">
      <Filter>application\Enemy\Boss</Filter>
    </ClInclude>
    <ClInclude Include="application\Enemy\Boss\BossStateApproach.h">
      <Filter>application\Enemy\Boss</Filter>
    </ClInclude>
    <ClInclude Include="application\Enemy\Boss\BossStateAttack.h">
      <Filter>application\Enemy\Boss</Filter>
    </ClInclude>
    <ClInclude Include="application\Enemy\Boss\BossStateRoot.h">
      <Filter>application\Enemy\Boss</Filter>
    </ClInclude>
    <ClInclude Include="application\Enemy\Soldier\SoldierStateRoot.h">
      <Filter>application\Enemy\Soldier</Filter>
    </ClInclude>
    <ClInclude Include="application\Enemy\Soldier\Soldier.h">
      <Filter>application\Enemy\Soldier</Filter>
    </ClInclude>
    <ClInclude Include="application\Enemy\Soldier\SoldierStateApproach.h">
      <Filter>application\Enemy\Soldier</Filter>
    </ClInclude>
    <ClInclude Include="application\Enemy\Soldier\SoldierStateAttack.h">
      <Filter>application\Enemy\Soldier</Filter>
    </ClInclude>
    <ClInclude Include="application\Enemy\Soldier\SoldierStateDefense.h">
      <Filter>application\Enemy\Soldier</Filter>
    </ClInclude>
    <ClInclude Include="application\Enemy\Soldier\SoldierStateLeave.h">
      <Filter>application\Enemy\Soldier</Filter>
    </ClInclude>
    <ClInclude Include="application\Enemy\BaseEnemyState.h">
      <Filter>application\Enemy</Filter>
    </ClInclude>
    <ClInclude Include="application\Enemy\BaseEnemySword.h">
      <Filter>application\Enemy</Filter>
    </ClInclude>
    <ClInclude Include="application\Enemy\Enemy.h">
      <Filter>application\Enemy</Filter>
    </ClInclude>
    <ClInclude Include="application\Stage\Coliseum.h">
      <Filter>application\Stage</Filter>
    </ClInclude>
    <ClInclude Include="application\Stage\Ground.h">
      <Filter>application\Stage</Filter>
    </ClInclude>
    <ClInclude Include="application\Stage\Skydome.h">
      <Filter>application\Stage</Filter>
    </ClInclude>
    <ClInclude Include="application\Scene\Base\BaseScene.h">
      <Filter>application\Scene\Base</Filter>
    </ClInclude>
    <ClInclude Include="application\Scene\Game\GameScene.h">
      <Filter>application\Scene\Game</Filter>
    </ClInclude>
    <ClInclude Include="application\Scene\Game\Pause.h">
      <Filter>application\Scene\Game</Filter>
    </ClInclude>
    <ClInclude Include="application\Scene\GameClear\ClearScene.h">
      <Filter>application\Scene\GameClear</Filter>
    </ClInclude>
    <ClInclude Include="application\Scene\GameOver\GameOverScene.h">
      <Filter>application\Scene\GameOver</Filter>
    </ClInclude>
    <ClInclude Include="application\Scene\Tutorial\TutorialUI.h">
      <Filter>application\Scene\Tutorial</Filter>
    </ClInclude>
    <ClInclude Include="application\Scene\Tutorial\TutorialEvent.h">
      <Filter>application\Scene\Tutorial</Filter>
    </ClInclude>
    <ClInclude Include="application\Scene\Tutorial\TutorialScene.h">
      <Filter>application\Scene\Tutorial</Filter>
    </ClInclude>
    <ClInclude Include="application\Scene\Title\TitleScene.h">
      <Filter>application\Scene\Title</Filter>
    </ClInclude>
    <ClInclude Include="application\Scene\Title\TitleEvent.h">
      <Filter>application\Scene\Title</Filter>
    </ClInclude>
    <ClInclude Include="application\Scene\Title\TitleGround.h">
      <Filter>application\Scene\Title</Filter>
    </ClInclude>
    <ClInclude Include="application\Player\ContactRecord.h">
      <Filter>application\Player</Filter>
    </ClInclude>
    <ClInclude Include="application\Player\FollowCamera.h">
      <Filter>application\Player</Filter>
    </ClInclude>
    <ClInclude Include="application\Player\LockOn.h">
      <Filter>application\Player</Filter>
    </ClInclude>
    <ClInclude Include="application\Player\Player.h">
      <Filter>application\Player</Filter>
    </ClInclude>
    <ClInclude Include="application\Player\PlayerSword.h">
      <Filter>application\Player</Filter>
    </ClInclude>
    <ClInclude Include="engine\2d\Sprite.h">
      <Filter>engine\2d</Filter>
    </ClInclude>
    <ClInclude Include="engine\2d\SpriteCommon.h">
      <Filter>engine\2d</Filter>
    </ClInclude>
    <ClInclude Include="engine\3d\camera\Camera.h">
      <Filter>engine\3d\camera</Filter>
    </ClInclude>
    <ClInclude Include="engine\3d\camera\DebugCamera.h">
      <Filter>engine\3d\camera</Filter>
    </ClInclude>
    <ClInclude Include="engine\3d\camera\ViewProjection.h">
      <Filter>engine\3d\camera</Filter>
    </ClInclude>
    <ClInclude Include="engine\3d\light\LightGroup.h">
      <Filter>engine\3d\light</Filter>
    </ClInclude>
    <ClInclude Include="engine\3d\line\DrawLine3D.h">
      <Filter>engine\3d\line</Filter>
    </ClInclude>
    <ClInclude Include="engine\3d\line\LineManager.h">
      <Filter>engine\3d\line</Filter>
    </ClInclude>
    <ClInclude Include="engine\3d\model\animation\Animator.h">
      <Filter>engine\3d\model\animation</Filter>
    </ClInclude>
    <ClInclude Include="engine\3d\model\animation\Bone.h">
      <Filter>engine\3d\model\animation</Filter>
    </ClInclude>
    <ClInclude Include="engine\3d\model\animation\ModelAnimation.h">
      <Filter>engine\3d\model\animation</Filter>
    </ClInclude>
    <ClInclude Include="engine\3d\model\animation\Skin.h">
      <Filter>engine\3d\model\animation</Filter>
    </ClInclude>
    <ClInclude Include="engine\3d\model\Model.h">
      <Filter>engine\3d\model</Filter>
    </ClInclude>
    <ClInclude Include="engine\3d\model\ModelCommon.h">
      <Filter>engine\3d\model</Filter>
    </ClInclude>
    <ClInclude Include="engine\3d\model\ModelStructs.h">
      <Filter>engine\3d\model</Filter>
    </ClInclude>
    <ClInclude Include="engine\3d\model\Object3d.h">
      <Filter>engine\3d\model</Filter>
    </ClInclude>
    <ClInclude Include="engine\3d\model\Object3dCommon.h">
      <Filter>engine\3d\model</Filter>
    </ClInclude>
    <ClInclude Include="engine\3d\transform\ObjColor.h">
      <Filter>engine\3d\transform</Filter>
    </ClInclude>
    <ClInclude Include="engine\3d\transform\WorldTransform.h">
      <Filter>engine\3d\transform</Filter>
    </ClInclude>
    <ClInclude Include="engine\3d\particle\ParticleParamater.h">
      <Filter>engine\3d\particle</Filter>
    </ClInclude>
    <ClInclude Include="engine\3d\particle\ParticleCommon.h">
      <Filter>engine\3d\particle</Filter>
    </ClInclude>
    <ClInclude Include="engine\3d\particle\ParticleEmitter.h">
      <Filter>engine\3d\particle</Filter>
    </ClInclude>
    <ClInclude Include="engine\3d\particle\ParticleManager.h">
      <Filter>engine\3d\particle</Filter>
    </ClInclude>
    <ClInclude Include="engine\audio\Audio.h">
      <Filter>engine\audio</Filter>
    </ClInclude>
    <ClInclude Include="engine\base\DirectXCommon.h">
      <Filter>engine\base</Filter>
    </ClInclude>
    <ClInclude Include="engine\base\WinApp.h">
      <Filter>engine\base</Filter>
    </ClInclude>
    <ClInclude Include="engine\core\Framework.h">
      <Filter>engine\core</Filter>
    </ClInclude>
    <ClInclude Include="engine\core\MyGame.h">
      <Filter>engine\core</Filter>
    </ClInclude>
    <ClInclude Include="engine\Frame\Frame.h">
      <Filter>engine\Frame</Filter>
    </ClInclude>
    <ClInclude Include="engine\input\Input.h">
      <Filter>engine\input</Filter>
    </ClInclude>
    <ClInclude Include="engine\input\Mouse.h">
      <Filter>engine\input</Filter>
    </ClInclude>
    <ClInclude Include="engine\math\Easing.h">
      <Filter>engine\math</Filter>
    </ClInclude>
    <ClInclude Include="engine\math\Matrix3x3.h">
      <Filter>engine\math</Filter>
    </ClInclude>
    <ClInclude Include="engine\math\Matrix4x4.h">
      <Filter>engine\math</Filter>
    </ClInclude>
    <ClInclude Include="engine\math\myMath.h">
      <Filter>engine\math</Filter>
    </ClInclude>
    <ClInclude Include="engine\math\Quaternion.h">
      <Filter>engine\math</Filter>
    </ClInclude>
    <ClInclude Include="engine\math\random.h">
      <Filter>engine\math</Filter>
    </ClInclude>
    <ClInclude Include="engine\math\TimeManager.h">
      <Filter>engine\math</Filter>
    </ClInclude>
    <ClInclude Include="engine\math\Vector2.h">
      <Filter>engine\math</Filter>
    </ClInclude>
    <ClInclude Include="engine\math\Vector4.h">
      <Filter>engine\math</Filter>
    </ClInclude>
    <ClInclude Include="engine\math\Vector3.h">
      <Filter>engine\math</Filter>
    </ClInclude>
    <ClInclude Include="engine\offscreen\OffScreen.h">
      <Filter>engine\offscreen</Filter>
    </ClInclude>
    <ClInclude Include="engine\utility\collider\CollisionTypeIdDef.h">
      <Filter>engine\utility\collider</Filter>
    </ClInclude>
    <ClInclude Include="engine\utility\collider\Collider.h">
      <Filter>engine\utility\collider</Filter>
    </ClInclude>
    <ClInclude Include="engine\utility\collider\CollisionManager.h">
      <Filter>engine\utility\collider</Filter>
    </ClInclude>
    <ClInclude Include="engine\utility\debug\D3DResourceLeakChecker.h">
      <Filter>engine\utility\debug</Filter>
    </ClInclude>
    <ClInclude Include="engine\utility\debug\GlobalVariables.h">
      <Filter>engine\utility\debug</Filter>
    </ClInclude>
    <ClInclude Include="engine\utility\debug\ImGuiManager.h">
      <Filter>engine\utility\debug</Filter>
    </ClInclude>
    <ClInclude Include="engine\utility\debug\Logger.h">
      <Filter>engine\utility\debug</Filter>
    </ClInclude>
    <ClInclude Include="engine\utility\edit\LevelData.h">
      <Filter>engine\utility\edit</Filter>
    </ClInclude>
    <ClInclude Include="engine\utility\edit\Liner.h">
      <Filter>engine\utility\edit</Filter>
    </ClInclude>
    <ClInclude Include="engine\utility\graphics\AnimationManager.h">
      <Filter>engine\utility\graphics</Filter>
    </ClInclude>
    <ClInclude Include="engine\utility\graphics\ModelManager.h">
      <Filter>engine\utility\graphics</Filter>
    </ClInclude>
    <ClInclude Include="engine\utility\graphics\PipeLineManager.h">
      <Filter>engine\utility\graphics</Filter>
    </ClInclude>
    <ClInclude Include="engine\utility\graphics\SrvManager.h">
      <Filter>engine\utility\graphics</Filter>
    </ClInclude>
    <ClInclude Include="engine\utility\graphics\TextureManager.h">
      <Filter>engine\utility\graphics</Filter>
    </ClInclude>
    <ClInclude Include="engine\utility\json\JsonLoader.h">
      <Filter>engine\utility\json</Filter>
    </ClInclude>
    <ClInclude Include="engine\utility\string\StringUtility.h">
      <Filter>engine\utility\string</Filter>
    </ClInclude>
    <ClInclude Include="engine\utility\scene\AbstractSceneFactory.h">
      <Filter>engine\utility\scene</Filter>
    </ClInclude>
    <ClInclude Include="engine\utility\scene\SceneTransition.h">
      <Filter>engine\utility\scene</Filter>
    </ClInclude>
    <ClInclude Include="engine\utility\scene\SceneFactory.h">
      <Filter>engine\utility\scene</Filter>
    </ClInclude>
    <ClInclude Include="engine\utility\scene\SceneManager.h">
      <Filter>engine\utility\scene</Filter>
    </ClInclude>
    <ClInclude Include="externals\imgui\imgui.h">
      <Filter>externals\imgui</Filter>
    </ClInclude>
    <ClInclude Include="externals\imgui\imgui_impl_dx12.h">
      <Filter>externals\imgui</Filter>
    </ClInclude>
    <ClInclude Include="externals\imgui\imgui_impl_win32.h">
      <Filter>externals\imgui</Filter>
    </ClInclude>
    <ClInclude Include="externals\imgui\imgui_internal.h">
      <Filter>externals\imgui</Filter>
    </ClInclude>
    <ClInclude Include="externals\imgui\imstb_rectpack.h">
      <Filter>externals\imgui</Filter>
    </ClInclude>
    <ClInclude Include="externals\imgui\imstb_textedit.h">
      <Filter>externals\imgui</Filter>
    </ClInclude>
    <ClInclude Include="externals\imgui\imstb_truetype.h">
      <Filter>externals\imgui</Filter>
    </ClInclude>
    <ClInclude Include="externals\imgui\imconfig.h">
      <Filter>externals\imgui</Filter>
    </ClInclude>
    <ClInclude Include="application\Enemy\Boss\Boss.h">
      <Filter>application\Enemy\Boss</Filter>
    </ClInclude>
    <ClInclude Include="application\Enemy\Soldier\EnemySword.h">
      <Filter>application\Enemy\Soldier</Filter>
    </ClInclude>
    <ClInclude Include="application\Enemy\EnemyManager.h">
      <Filter>application\Enemy</Filter>
    </ClInclude>
  </ItemGroup>
  <ItemGroup>
    <ResourceCompile Include="myEngine.rc" />
  </ItemGroup>
  <ItemGroup>
    <None Include=".editorconfig" />
    <None Include="resources\shaders\Line\Line3d.hlsli">
      <Filter>resource\shaders\Line</Filter>
    </None>
    <None Include="resources\shaders\Object\Object3d.hlsli">
      <Filter>resource\shaders\Object</Filter>
    </None>
    <None Include="resources\shaders\OffScreen\FullScreen.hlsli">
      <Filter>resource\shaders\OffScreen</Filter>
    </None>
    <None Include="resources\shaders\Particle\Particle.hlsli">
      <Filter>resource\shaders\Particle</Filter>
    </None>
    <None Include="resources\shaders\Sprite\Sprite.hlsli">
      <Filter>resource\shaders\Sprite</Filter>
    </None>
  </ItemGroup>
  <ItemGroup>
    <Filter Include="application">
      <UniqueIdentifier>{11c40358-7292-479c-bc32-e58e752af80d}</UniqueIdentifier>
    </Filter>
    <Filter Include="engine">
      <UniqueIdentifier>{2af9d7a1-679e-4d30-a8c5-e05f9b526f23}</UniqueIdentifier>
    </Filter>
    <Filter Include="resource">
      <UniqueIdentifier>{fdb241e1-1d48-4e6e-9e90-c9a00c12bb40}</UniqueIdentifier>
    </Filter>
    <Filter Include="externals">
      <UniqueIdentifier>{a908a392-5e2b-414a-a3fe-2783c18163d6}</UniqueIdentifier>
    </Filter>
    <Filter Include="application\Base">
      <UniqueIdentifier>{1d7bad83-7128-4c2e-9f53-8fd44e23b0ba}</UniqueIdentifier>
    </Filter>
    <Filter Include="application\Enemy">
      <UniqueIdentifier>{d6b0242d-3c59-4bbd-92c3-45a14bb12bd6}</UniqueIdentifier>
    </Filter>
    <Filter Include="application\Player">
      <UniqueIdentifier>{1aa6c6df-1fc8-4bcc-9605-4ea06c508707}</UniqueIdentifier>
    </Filter>
    <Filter Include="application\Scene">
      <UniqueIdentifier>{984fd0cc-c0ac-46b1-9726-e75e99420ba0}</UniqueIdentifier>
    </Filter>
    <Filter Include="application\Stage">
      <UniqueIdentifier>{5685a90a-8abc-4722-aaef-f4c205f70498}</UniqueIdentifier>
    </Filter>
    <Filter Include="application\Enemy\Boss">
      <UniqueIdentifier>{81433a25-1def-44ef-a800-3c013b3f6bd4}</UniqueIdentifier>
    </Filter>
    <Filter Include="application\Enemy\Soldier">
      <UniqueIdentifier>{c6f007a7-b6c2-4103-b80b-d05940494013}</UniqueIdentifier>
    </Filter>
    <Filter Include="application\Scene\Base">
      <UniqueIdentifier>{742c575a-cd93-480a-9e96-961f0a10a82b}</UniqueIdentifier>
    </Filter>
    <Filter Include="application\Scene\Game">
      <UniqueIdentifier>{5f8072a4-423f-4cfd-8bc5-464777e377a9}</UniqueIdentifier>
    </Filter>
    <Filter Include="application\Scene\GameClear">
      <UniqueIdentifier>{4e22b9b1-6864-415b-b215-b6731a38c996}</UniqueIdentifier>
    </Filter>
    <Filter Include="application\Scene\GameOver">
      <UniqueIdentifier>{22ec4418-c28c-472d-83ed-3602660ac222}</UniqueIdentifier>
    </Filter>
    <Filter Include="application\Scene\Title">
      <UniqueIdentifier>{9e8034ef-781a-4c15-8a98-bb828fad1dbd}</UniqueIdentifier>
    </Filter>
    <Filter Include="application\Scene\Tutorial">
      <UniqueIdentifier>{3c065413-8de7-4caf-b2d5-aba879ed1b88}</UniqueIdentifier>
    </Filter>
    <Filter Include="engine\2d">
      <UniqueIdentifier>{77771678-bfa7-42f8-98e3-7e2ccab21c3b}</UniqueIdentifier>
    </Filter>
    <Filter Include="engine\3d">
      <UniqueIdentifier>{361f3da8-2fda-4c42-811e-45645974a6b0}</UniqueIdentifier>
    </Filter>
    <Filter Include="engine\audio">
      <UniqueIdentifier>{10bb86cd-2e9b-4900-ae46-f8f99c5b522d}</UniqueIdentifier>
    </Filter>
    <Filter Include="engine\base">
      <UniqueIdentifier>{a7055719-0b5d-438d-aa68-b70d224f1f0d}</UniqueIdentifier>
    </Filter>
    <Filter Include="engine\Frame">
      <UniqueIdentifier>{e36d721e-6955-44cd-95bd-f87ab84eed32}</UniqueIdentifier>
    </Filter>
    <Filter Include="engine\input">
      <UniqueIdentifier>{4ab5fb62-6819-4e53-b913-5f9aaea9d354}</UniqueIdentifier>
    </Filter>
    <Filter Include="engine\math">
      <UniqueIdentifier>{a6e41440-22f9-4a01-940e-852f36321ebf}</UniqueIdentifier>
    </Filter>
    <Filter Include="engine\offscreen">
      <UniqueIdentifier>{2bf77088-899e-4151-97c2-2a6819c40d5f}</UniqueIdentifier>
    </Filter>
    <Filter Include="engine\utility">
      <UniqueIdentifier>{d791dd58-3ddd-4417-a6f3-5d493e3c83ec}</UniqueIdentifier>
    </Filter>
    <Filter Include="engine\3d\camera">
      <UniqueIdentifier>{f44a91a5-e4b7-47da-b585-839d41e2ae0f}</UniqueIdentifier>
    </Filter>
    <Filter Include="engine\3d\light">
      <UniqueIdentifier>{2f80ca3f-a8e9-458a-81de-66b547ff25e2}</UniqueIdentifier>
    </Filter>
    <Filter Include="engine\3d\line">
      <UniqueIdentifier>{76eacc2d-62a8-47cd-888e-9d7e17e03ab8}</UniqueIdentifier>
    </Filter>
    <Filter Include="engine\3d\model">
      <UniqueIdentifier>{a8c2da9e-c1b2-4f44-aec3-8e5965c439ba}</UniqueIdentifier>
    </Filter>
    <Filter Include="engine\3d\particle">
      <UniqueIdentifier>{069a8eb2-c37b-4e57-9b9a-342b27fd353a}</UniqueIdentifier>
    </Filter>
    <Filter Include="engine\3d\transform">
      <UniqueIdentifier>{858afd35-4f95-4b66-ac1e-10ba602270f2}</UniqueIdentifier>
    </Filter>
    <Filter Include="engine\3d\model\animation">
      <UniqueIdentifier>{1e123eb0-4cec-4bd9-afdc-612cb8615aba}</UniqueIdentifier>
    </Filter>
    <Filter Include="engine\utility\collider">
      <UniqueIdentifier>{eb787bfd-6d18-449e-8b27-05f8b559f1e9}</UniqueIdentifier>
    </Filter>
    <Filter Include="engine\utility\debug">
      <UniqueIdentifier>{437ad65b-cca9-41a7-8a76-c1d722d8a83f}</UniqueIdentifier>
    </Filter>
    <Filter Include="engine\utility\edit">
      <UniqueIdentifier>{f181178c-dbf0-4201-97c7-11082b9eb86b}</UniqueIdentifier>
    </Filter>
    <Filter Include="engine\utility\graphics">
      <UniqueIdentifier>{f165435d-9688-4441-a91b-9f4b55fbcb88}</UniqueIdentifier>
    </Filter>
    <Filter Include="engine\utility\json">
      <UniqueIdentifier>{594798a1-b045-4a6d-a0fe-f7e41e8c19fc}</UniqueIdentifier>
    </Filter>
    <Filter Include="engine\utility\scene">
      <UniqueIdentifier>{211b95ad-c527-4f64-b1ef-8ef7c79b8c5f}</UniqueIdentifier>
    </Filter>
    <Filter Include="engine\utility\string">
      <UniqueIdentifier>{28397e9a-23de-427d-8425-8c1a17e7d498}</UniqueIdentifier>
    </Filter>
    <Filter Include="resource\shaders">
      <UniqueIdentifier>{c667b44c-9305-4be5-ae22-6d738edb5b54}</UniqueIdentifier>
    </Filter>
    <Filter Include="resource\shaders\Line">
      <UniqueIdentifier>{46d19e12-0da0-454e-adf3-e739a93b03a1}</UniqueIdentifier>
    </Filter>
    <Filter Include="resource\shaders\Object">
      <UniqueIdentifier>{7024abb5-b3ce-4f2f-8312-58a285a1e408}</UniqueIdentifier>
    </Filter>
    <Filter Include="resource\shaders\OffScreen">
      <UniqueIdentifier>{a7999162-61aa-4989-bb33-3539bce6708a}</UniqueIdentifier>
    </Filter>
    <Filter Include="resource\shaders\Particle">
      <UniqueIdentifier>{f4637419-c449-402b-8427-c87d187e3f82}</UniqueIdentifier>
    </Filter>
    <Filter Include="resource\shaders\Sprite">
      <UniqueIdentifier>{2c66f393-4eb3-4901-a747-6e5e6fc3eb55}</UniqueIdentifier>
    </Filter>
    <Filter Include="engine\core">
      <UniqueIdentifier>{ca6bbd27-d274-4bda-b8db-26754b0f1bde}</UniqueIdentifier>
    </Filter>
    <Filter Include="externals\imgui">
      <UniqueIdentifier>{47a08682-687b-4a89-9506-7cffcbaac01c}</UniqueIdentifier>
    </Filter>
  </ItemGroup>
  <ItemGroup>
    <Text Include="externals\imgui\LICENSE.txt">
      <Filter>externals\imgui</Filter>
    </Text>
  </ItemGroup>
</Project>